
Microsoft Visual Studio Solution File, Format Version 11.00
# Visual Studio 2010
Project("{FAE04EC0-301F-11D3-BF4B-00C04F79EFBC}") = "program1", "program1\program1.csproj", "{1AFCCEEC-2CD8-4AB7-A93E-428A46F3E126}"
EndProject
Global
	GlobalSection(SolutionConfigurationPlatforms) = preSolution
		Debug|x86 = Debug|x86
		Release|x86 = Release|x86
	EndGlobalSection
	GlobalSection(ProjectConfigurationPlatforms) = postSolution
		{1AFCCEEC-2CD8-4AB7-A93E-428A46F3E126}.Debug|x86.ActiveCfg = Debug|x86
		{1AFCCEEC-2CD8-4AB7-A93E-428A46F3E126}.Debug|x86.Build.0 = Debug|x86
		{1AFCCEEC-2CD8-4AB7-A93E-428A46F3E126}.Release|x86.ActiveCfg = Release|x86
		{1AFCCEEC-2CD8-4AB7-A93E-428A46F3E126}.Release|x86.Build.0 = Release|x86
	EndGlobalSection
	GlobalSection(SolutionProperties) = preSolution
		HideSolutionNode = FALSE
	EndGlobalSection
EndGlobal
